
Microsoft Visual Studio Solution File, Format Version 12.00
# Visual Studio Version 17
VisualStudioVersion = 17.5.002.0
MinimumVisualStudioVersion = 10.0.40219.1
Project("{9A19103F-16F7-4668-BE54-9A1E7A4F7556}") = "Skel2Json", "Skel2Json.csproj", "{A1607E87-D2AD-42EB-9458-C6C45CE711D8}"
EndProject
Global
	GlobalSection(SolutionConfigurationPlatforms) = preSolution
		Debug|Any CPU = Debug|Any CPU
		Release|Any CPU = Release|Any CPU
	EndGlobalSection
	GlobalSection(ProjectConfigurationPlatforms) = postSolution
		{A1607E87-D2AD-42EB-9458-C6C45CE711D8}.Debug|Any CPU.ActiveCfg = Debug|Any CPU
		{A1607E87-D2AD-42EB-9458-C6C45CE711D8}.Debug|Any CPU.Build.0 = Debug|Any CPU
		{A1607E87-D2AD-42EB-9458-C6C45CE711D8}.Release|Any CPU.ActiveCfg = Release|Any CPU
		{A1607E87-D2AD-42EB-9458-C6C45CE711D8}.Release|Any CPU.Build.0 = Release|Any CPU
	EndGlobalSection
	GlobalSection(SolutionProperties) = preSolution
		HideSolutionNode = FALSE
	EndGlobalSection
	GlobalSection(ExtensibilityGlobals) = postSolution
		SolutionGuid = {A80AC48F-DE9F-4082-8F88-EEFC6F5268ED}
	EndGlobalSection
EndGlobal
